
Microsoft Visual Studio Solution File, Format Version 12.00
# Visual Studio Version 17
VisualStudioVersion = 17.13.35919.96 d17.13
MinimumVisualStudioVersion = 10.0.40219.1
Project("{FAE04EC0-301F-11D3-BF4B-00C04F79EFBC}") = "WebAppForMiniProfiler", "WebAppForMiniProfiler\WebAppForMiniProfiler.csproj", "{5C215587-8915-498B-9C77-CC0620D1F798}"
EndProject
Global
	GlobalSection(SolutionConfigurationPlatforms) = preSolution
		Debug|Any CPU = Debug|Any CPU
		Release|Any CPU = Release|Any CPU
	EndGlobalSection
	GlobalSection(ProjectConfigurationPlatforms) = postSolution
		{5C215587-8915-498B-9C77-CC0620D1F798}.Debug|Any CPU.ActiveCfg = Debug|Any CPU
		{5C215587-8915-498B-9C77-CC0620D1F798}.Debug|Any CPU.Build.0 = Debug|Any CPU
		{5C215587-8915-498B-9C77-CC0620D1F798}.Release|Any CPU.ActiveCfg = Release|Any CPU
		{5C215587-8915-498B-9C77-CC0620D1F798}.Release|Any CPU.Build.0 = Release|Any CPU
	EndGlobalSection
	GlobalSection(SolutionProperties) = preSolution
		HideSolutionNode = FALSE
	EndGlobalSection
	GlobalSection(ExtensibilityGlobals) = postSolution
		SolutionGuid = {98B6C3BF-43A0-4FAE-8235-85FF78A60EB8}
	EndGlobalSection
EndGlobal
